{
  "name": "testing",
  "version": "1.0.0",
  "lockfileVersion": 1,
  "requires": true,
  "dependencies": {
    "dibujo": {
      "version": "5.0.17",
      "resolved": "https://registry.npmjs.org/dibujo/-/dibujo-5.0.17.tgz",
      "integrity": "sha512-nY4lqSJjnHUoEzXSgiZaSKWc5lJuwnjTUF3UaVNcqhlNwMWZy1XTaIuEMRGMfS4Tmy8uXrWk09/0gOR3eT33qQ=="
    },
    "fisica": {
      "version": "3.0.3",
      "resolved": "https://registry.npmjs.org/fisica/-/fisica-3.0.3.tgz",
      "integrity": "sha512-273Lzmjvf2ip77MSP1AP0HEuLSLD3VU5GV20VjjRH/Ulb0osCoKhebgVrDyZtnCFsozfQYJeL3pu0zlMt+35ag==",
      "requires": {
        "vector_class": "3.0.0"
      }
    },
    "typescript": {
      "version": "2.9.2",
      "resolved": "https://registry.npmjs.org/typescript/-/typescript-2.9.2.tgz",
      "integrity": "sha512-Gr4p6nFNaoufRIY4NMdpQRNmgxVIGMs4Fcu/ujdYk3nAZqk7supzBE9idmvfZIlH/Cuj//dvi+019qEue9lV0w==",
      "dev": true
    },
    "vector_class": {
      "version": "3.0.0",
      "resolved": "https://registry.npmjs.org/vector_class/-/vector_class-3.0.0.tgz",
      "integrity": "sha512-ZxfzXMUyW5D5m+y+ELrRD3SLjC/l01IlSs5C0iElaaVcmwXesifiFKEf6aS2jjaTNNN/hHN3N+Ok1uDE5DH04g=="
    }
  }
}
