{
  "name": "testing",
  "version": "1.0.0",
  "lockfileVersion": 1,
  "requires": true,
  "dependencies": {
    "dibujo": {
      "version": "5.0.17",
      "resolved": "https://registry.npmjs.org/dibujo/-/dibujo-5.0.17.tgz",
      "integrity": "sha512-nY4lqSJjnHUoEzXSgiZaSKWc5lJuwnjTUF3UaVNcqhlNwMWZy1XTaIuEMRGMfS4Tmy8uXrWk09/0gOR3eT33qQ=="
    },
    "fisica": {
      "version": "3.0.2",
      "resolved": "https://registry.npmjs.org/fisica/-/fisica-3.0.2.tgz",
      "integrity": "sha512-LPTJ/QFmx3tflxsHUtpSadqxZgEG35PUraXlZu/UwNIg2c7Mr1SD3fT1zAHPs1a+qsYzrjPBkVbbu2g9WhryRg==",
      "requires": {
        "vector_class": "3.0.0",
        "vector_functions": "1.0.2"
      }
    },
    "typescript": {
      "version": "2.9.2",
      "resolved": "https://registry.npmjs.org/typescript/-/typescript-2.9.2.tgz",
      "integrity": "sha512-Gr4p6nFNaoufRIY4NMdpQRNmgxVIGMs4Fcu/ujdYk3nAZqk7supzBE9idmvfZIlH/Cuj//dvi+019qEue9lV0w==",
      "dev": true
    },
    "vector_class": {
      "version": "3.0.0",
      "resolved": "https://registry.npmjs.org/vector_class/-/vector_class-3.0.0.tgz",
      "integrity": "sha512-ZxfzXMUyW5D5m+y+ELrRD3SLjC/l01IlSs5C0iElaaVcmwXesifiFKEf6aS2jjaTNNN/hHN3N+Ok1uDE5DH04g=="
    },
    "vector_functions": {
      "version": "1.0.2",
      "resolved": "https://registry.npmjs.org/vector_functions/-/vector_functions-1.0.2.tgz",
      "integrity": "sha512-PtX7IQO21jg5qIkI45se7ipEdOxE/3T0b8u+F+Y1o2MZ6mWcbIWXzYhROeQ8o4ZkIZnMYUxcF6C3cTas+LnXLQ=="
    }
  }
}
